
Microsoft Visual Studio Solution File, Format Version 12.00
# Visual Studio Version 16
VisualStudioVersion = 16.0.29009.5
MinimumVisualStudioVersion = 10.0.40219.1
Project("{9A19103F-16F7-4668-BE54-9A1E7A4F7556}") = "ImplicitFlowTest", "ImplicitFlowTest.csproj", "{06D9E2BF-CF09-447B-8685-44DBBB15D130}"
EndProject
Global
	GlobalSection(SolutionConfigurationPlatforms) = preSolution
		Debug|Any CPU = Debug|Any CPU
		Release|Any CPU = Release|Any CPU
	EndGlobalSection
	GlobalSection(ProjectConfigurationPlatforms) = postSolution
		{06D9E2BF-CF09-447B-8685-44DBBB15D130}.Debug|Any CPU.ActiveCfg = Debug|Any CPU
		{06D9E2BF-CF09-447B-8685-44DBBB15D130}.Debug|Any CPU.Build.0 = Debug|Any CPU
		{06D9E2BF-CF09-447B-8685-44DBBB15D130}.Release|Any CPU.ActiveCfg = Release|Any CPU
		{06D9E2BF-CF09-447B-8685-44DBBB15D130}.Release|Any CPU.Build.0 = Release|Any CPU
	EndGlobalSection
	GlobalSection(SolutionProperties) = preSolution
		HideSolutionNode = FALSE
	EndGlobalSection
	GlobalSection(ExtensibilityGlobals) = postSolution
		SolutionGuid = {90CFE997-EA76-4E4C-84F6-2118AE9BAB9C}
	EndGlobalSection
EndGlobal
