
Microsoft Visual Studio Solution File, Format Version 12.00
# Visual Studio Version 16
VisualStudioVersion = 16.0.29009.5
MinimumVisualStudioVersion = 10.0.40219.1
Project("{9A19103F-16F7-4668-BE54-9A1E7A4F7556}") = "AuthorizationCodeFlowTest", "AuthorizationCodeFlowTest.csproj", "{01E0DE42-7ED2-473E-9300-E41DE54AC652}"
EndProject
Global
	GlobalSection(SolutionConfigurationPlatforms) = preSolution
		Debug|Any CPU = Debug|Any CPU
		Release|Any CPU = Release|Any CPU
	EndGlobalSection
	GlobalSection(ProjectConfigurationPlatforms) = postSolution
		{01E0DE42-7ED2-473E-9300-E41DE54AC652}.Debug|Any CPU.ActiveCfg = Debug|Any CPU
		{01E0DE42-7ED2-473E-9300-E41DE54AC652}.Debug|Any CPU.Build.0 = Debug|Any CPU
		{01E0DE42-7ED2-473E-9300-E41DE54AC652}.Release|Any CPU.ActiveCfg = Release|Any CPU
		{01E0DE42-7ED2-473E-9300-E41DE54AC652}.Release|Any CPU.Build.0 = Release|Any CPU
	EndGlobalSection
	GlobalSection(SolutionProperties) = preSolution
		HideSolutionNode = FALSE
	EndGlobalSection
	GlobalSection(ExtensibilityGlobals) = postSolution
		SolutionGuid = {053915D8-8286-4B84-83E2-9C9D15A1C957}
	EndGlobalSection
EndGlobal
