
Microsoft Visual Studio Solution File, Format Version 12.00
# Visual Studio 15
VisualStudioVersion = 15.0.27130.2027
MinimumVisualStudioVersion = 10.0.40219.1
Project("{FAE04EC0-301F-11D3-BF4B-00C04F79EFBC}") = "PItoOCSviaAPISample", "PItoOCSviaAPISample.csproj", "{4CAD2B5A-CD62-442F-A8E2-59CB20E28FA0}"
EndProject
Global
	GlobalSection(SolutionConfigurationPlatforms) = preSolution
		Debug|Any CPU = Debug|Any CPU
		Release|Any CPU = Release|Any CPU
	EndGlobalSection
	GlobalSection(ProjectConfigurationPlatforms) = postSolution
		{4CAD2B5A-CD62-442F-A8E2-59CB20E28FA0}.Debug|Any CPU.ActiveCfg = Debug|Any CPU
		{4CAD2B5A-CD62-442F-A8E2-59CB20E28FA0}.Debug|Any CPU.Build.0 = Debug|Any CPU
		{4CAD2B5A-CD62-442F-A8E2-59CB20E28FA0}.Release|Any CPU.ActiveCfg = Release|Any CPU
		{4CAD2B5A-CD62-442F-A8E2-59CB20E28FA0}.Release|Any CPU.Build.0 = Release|Any CPU
	EndGlobalSection
	GlobalSection(SolutionProperties) = preSolution
		HideSolutionNode = FALSE
	EndGlobalSection
	GlobalSection(ExtensibilityGlobals) = postSolution
		SolutionGuid = {003C4F48-5390-4F60-B4D0-93AE7F49206A}
	EndGlobalSection
EndGlobal
