
Microsoft Visual Studio Solution File, Format Version 12.00
# Visual Studio 15
VisualStudioVersion = 15.0.27703.2018
MinimumVisualStudioVersion = 10.0.40219.1
Project("{FAE04EC0-301F-11D3-BF4B-00C04F79EFBC}") = "PiToOcsOmfSample", "PiToOcsOmfSample.csproj", "{EC60FD35-82B3-490E-B97C-FAC00704B76D}"
EndProject
Global
	GlobalSection(SolutionConfigurationPlatforms) = preSolution
		Debug|Any CPU = Debug|Any CPU
		Release|Any CPU = Release|Any CPU
	EndGlobalSection
	GlobalSection(ProjectConfigurationPlatforms) = postSolution
		{EC60FD35-82B3-490E-B97C-FAC00704B76D}.Debug|Any CPU.ActiveCfg = Debug|Any CPU
		{EC60FD35-82B3-490E-B97C-FAC00704B76D}.Debug|Any CPU.Build.0 = Debug|Any CPU
		{EC60FD35-82B3-490E-B97C-FAC00704B76D}.Release|Any CPU.ActiveCfg = Release|Any CPU
		{EC60FD35-82B3-490E-B97C-FAC00704B76D}.Release|Any CPU.Build.0 = Release|Any CPU
	EndGlobalSection
	GlobalSection(SolutionProperties) = preSolution
		HideSolutionNode = FALSE
	EndGlobalSection
	GlobalSection(ExtensibilityGlobals) = postSolution
		SolutionGuid = {01D5D9AC-5593-4F7D-B781-24C1E922157C}
	EndGlobalSection
EndGlobal
