
Microsoft Visual Studio Solution File, Format Version 12.00
# Visual Studio Version 16
VisualStudioVersion = 16.0.29009.5
MinimumVisualStudioVersion = 10.0.40219.1
Project("{9A19103F-16F7-4668-BE54-9A1E7A4F7556}") = "OmfIngressClientLibraries", "OmfIngressClientLibraries\OmfIngressClientLibraries.csproj", "{A99564D0-45B5-4490-9A8E-8C2D0EB2D4E8}"
EndProject
Project("{9A19103F-16F7-4668-BE54-9A1E7A4F7556}") = "OmfIngressClientLibrariesTests", "OmfIngressClientLibrariesTests\OmfIngressClientLibrariesTests.csproj", "{CF44E4FB-EE7F-4516-BDF2-666C8631DDA6}"
EndProject
Global
	GlobalSection(SolutionConfigurationPlatforms) = preSolution
		Debug|Any CPU = Debug|Any CPU
		Release|Any CPU = Release|Any CPU
	EndGlobalSection
	GlobalSection(ProjectConfigurationPlatforms) = postSolution
		{A99564D0-45B5-4490-9A8E-8C2D0EB2D4E8}.Debug|Any CPU.ActiveCfg = Debug|Any CPU
		{A99564D0-45B5-4490-9A8E-8C2D0EB2D4E8}.Debug|Any CPU.Build.0 = Debug|Any CPU
		{A99564D0-45B5-4490-9A8E-8C2D0EB2D4E8}.Release|Any CPU.ActiveCfg = Release|Any CPU
		{A99564D0-45B5-4490-9A8E-8C2D0EB2D4E8}.Release|Any CPU.Build.0 = Release|Any CPU
		{CF44E4FB-EE7F-4516-BDF2-666C8631DDA6}.Debug|Any CPU.ActiveCfg = Debug|Any CPU
		{CF44E4FB-EE7F-4516-BDF2-666C8631DDA6}.Debug|Any CPU.Build.0 = Debug|Any CPU
		{CF44E4FB-EE7F-4516-BDF2-666C8631DDA6}.Release|Any CPU.ActiveCfg = Release|Any CPU
		{CF44E4FB-EE7F-4516-BDF2-666C8631DDA6}.Release|Any CPU.Build.0 = Release|Any CPU
	EndGlobalSection
	GlobalSection(SolutionProperties) = preSolution
		HideSolutionNode = FALSE
	EndGlobalSection
	GlobalSection(ExtensibilityGlobals) = postSolution
		SolutionGuid = {EF25F74E-22EB-49C5-8BF6-E342A4FF06A1}
	EndGlobalSection
EndGlobal
