
Microsoft Visual Studio Solution File, Format Version 12.00
# Visual Studio Version 16
VisualStudioVersion = 16.0.29009.5
MinimumVisualStudioVersion = 10.0.40219.1
Project("{9A19103F-16F7-4668-BE54-9A1E7A4F7556}") = "ClientCredentialFlow", "ClientCredentialFlow\ClientCredentialFlow.csproj", "{645881E0-7604-46FA-B3BE-A5E62BA41636}"
EndProject
Project("{9A19103F-16F7-4668-BE54-9A1E7A4F7556}") = "ClientCredentialFlowTest", "ClientCredentialFlowTest\ClientCredentialFlowTest.csproj", "{B97EE36B-853B-4C29-B84F-5658AC5B3BAE}"
EndProject
Global
	GlobalSection(SolutionConfigurationPlatforms) = preSolution
		Debug|Any CPU = Debug|Any CPU
		Release|Any CPU = Release|Any CPU
	EndGlobalSection
	GlobalSection(ProjectConfigurationPlatforms) = postSolution
		{645881E0-7604-46FA-B3BE-A5E62BA41636}.Debug|Any CPU.ActiveCfg = Debug|Any CPU
		{645881E0-7604-46FA-B3BE-A5E62BA41636}.Debug|Any CPU.Build.0 = Debug|Any CPU
		{645881E0-7604-46FA-B3BE-A5E62BA41636}.Release|Any CPU.ActiveCfg = Release|Any CPU
		{645881E0-7604-46FA-B3BE-A5E62BA41636}.Release|Any CPU.Build.0 = Release|Any CPU
		{B97EE36B-853B-4C29-B84F-5658AC5B3BAE}.Debug|Any CPU.ActiveCfg = Debug|Any CPU
		{B97EE36B-853B-4C29-B84F-5658AC5B3BAE}.Debug|Any CPU.Build.0 = Debug|Any CPU
		{B97EE36B-853B-4C29-B84F-5658AC5B3BAE}.Release|Any CPU.ActiveCfg = Release|Any CPU
		{B97EE36B-853B-4C29-B84F-5658AC5B3BAE}.Release|Any CPU.Build.0 = Release|Any CPU
	EndGlobalSection
	GlobalSection(SolutionProperties) = preSolution
		HideSolutionNode = FALSE
	EndGlobalSection
	GlobalSection(ExtensibilityGlobals) = postSolution
		SolutionGuid = {79D9FE77-3491-4563-9D00-B1E7B4B098A5}
	EndGlobalSection
EndGlobal
