
Microsoft Visual Studio Solution File, Format Version 12.00
# Visual Studio 2013
VisualStudioVersion = 12.0.40629.0
MinimumVisualStudioVersion = 10.0.40219.1
Project("{FAE04EC0-301F-11D3-BF4B-00C04F79EFBC}") = "QiClientLibraries", "QiClientLibraries.csproj", "{EBC2E6F5-CA6E-4895-B289-9540C2E4D6EE}"
EndProject
Global
	GlobalSection(SolutionConfigurationPlatforms) = preSolution
		Debug|Any CPU = Debug|Any CPU
		Release|Any CPU = Release|Any CPU
	EndGlobalSection
	GlobalSection(ProjectConfigurationPlatforms) = postSolution
		{EBC2E6F5-CA6E-4895-B289-9540C2E4D6EE}.Debug|Any CPU.ActiveCfg = Debug|Any CPU
		{EBC2E6F5-CA6E-4895-B289-9540C2E4D6EE}.Debug|Any CPU.Build.0 = Debug|Any CPU
		{EBC2E6F5-CA6E-4895-B289-9540C2E4D6EE}.Release|Any CPU.ActiveCfg = Release|Any CPU
		{EBC2E6F5-CA6E-4895-B289-9540C2E4D6EE}.Release|Any CPU.Build.0 = Release|Any CPU
	EndGlobalSection
	GlobalSection(SolutionProperties) = preSolution
		HideSolutionNode = FALSE
	EndGlobalSection
EndGlobal
